{
  "version": 4,
  "terraform_version": "1.8.5",
  "serial": 7,
  "lineage": "75eb6e99-fa57-6f84-2cd9-5b9c5635bd80",
  "outputs": {},
  "resources": [
    {
      "mode": "managed",
      "type": "local_file",
      "name": "pet",
      "provider": "provider[\"registry.terraform.io/hashicorp/local\"]",
      "instances": [
        {
          "index_key": 0,
          "schema_version": 0,
          "attributes": {
            "content": "Auto creation of files.",
            "content_base64": null,
            "content_base64sha256": "8KBj9kZEnBKmjl0gYegZRl6VbThiQWLultLMqbRFK9U=",
            "content_base64sha512": "K2RKQFZPDX5C2AkZWcLYiIQDhwkVN1PiBcGN3XxPaZNak/wYz2Lj+klx2hvvRpJR2LcqkefsQ7AL/iBa8SFUHQ==",
            "content_md5": "f3bfa4d305fece9d6f196cf1b00d0f05",
            "content_sha1": "c706482f108524897d8e8e66c8d1df1104b508fa",
            "content_sha256": "f0a063f646449c12a68e5d2061e819465e956d38624162ee96d2cca9b4452bd5",
            "content_sha512": "2b644a40564f0d7e42d8091959c2d88884038709153753e205c18ddd7c4f69935a93fc18cf62e3fa4971da1bef469251d8b72a91e7ec43b00bfe205af121541d",
            "directory_permission": "0777",
            "file_permission": "0777",
            "filename": "/home/khaleel-unix/DevOPS/terraform/count_for_each/pets.txt",
            "id": "c706482f108524897d8e8e66c8d1df1104b508fa",
            "sensitive_content": null,
            "source": null
          },
          "sensitive_attributes": [
            [
              {
                "type": "get_attr",
                "value": "sensitive_content"
              }
            ]
          ]
        },
        {
          "index_key": 1,
          "schema_version": 0,
          "attributes": {
            "content": "Auto creation of files.",
            "content_base64": null,
            "content_base64sha256": "8KBj9kZEnBKmjl0gYegZRl6VbThiQWLultLMqbRFK9U=",
            "content_base64sha512": "K2RKQFZPDX5C2AkZWcLYiIQDhwkVN1PiBcGN3XxPaZNak/wYz2Lj+klx2hvvRpJR2LcqkefsQ7AL/iBa8SFUHQ==",
            "content_md5": "f3bfa4d305fece9d6f196cf1b00d0f05",
            "content_sha1": "c706482f108524897d8e8e66c8d1df1104b508fa",
            "content_sha256": "f0a063f646449c12a68e5d2061e819465e956d38624162ee96d2cca9b4452bd5",
            "content_sha512": "2b644a40564f0d7e42d8091959c2d88884038709153753e205c18ddd7c4f69935a93fc18cf62e3fa4971da1bef469251d8b72a91e7ec43b00bfe205af121541d",
            "directory_permission": "0777",
            "file_permission": "0777",
            "filename": "/home/khaleel-unix/DevOPS/terraform/count_for_each/dogs.txt",
            "id": "c706482f108524897d8e8e66c8d1df1104b508fa",
            "sensitive_content": null,
            "source": null
          },
          "sensitive_attributes": [
            [
              {
                "type": "get_attr",
                "value": "sensitive_content"
              }
            ]
          ]
        },
        {
          "index_key": 2,
          "schema_version": 0,
          "attributes": {
            "content": "Auto creation of files.",
            "content_base64": null,
            "content_base64sha256": "8KBj9kZEnBKmjl0gYegZRl6VbThiQWLultLMqbRFK9U=",
            "content_base64sha512": "K2RKQFZPDX5C2AkZWcLYiIQDhwkVN1PiBcGN3XxPaZNak/wYz2Lj+klx2hvvRpJR2LcqkefsQ7AL/iBa8SFUHQ==",
            "content_md5": "f3bfa4d305fece9d6f196cf1b00d0f05",
            "content_sha1": "c706482f108524897d8e8e66c8d1df1104b508fa",
            "content_sha256": "f0a063f646449c12a68e5d2061e819465e956d38624162ee96d2cca9b4452bd5",
            "content_sha512": "2b644a40564f0d7e42d8091959c2d88884038709153753e205c18ddd7c4f69935a93fc18cf62e3fa4971da1bef469251d8b72a91e7ec43b00bfe205af121541d",
            "directory_permission": "0777",
            "file_permission": "0777",
            "filename": "/home/khaleel-unix/DevOPS/terraform/count_for_each/cat.txt",
            "id": "c706482f108524897d8e8e66c8d1df1104b508fa",
            "sensitive_content": null,
            "source": null
          },
          "sensitive_attributes": [
            [
              {
                "type": "get_attr",
                "value": "sensitive_content"
              }
            ]
          ]
        },
        {
          "index_key": 3,
          "schema_version": 0,
          "attributes": {
            "content": "Auto creation of files.",
            "content_base64": null,
            "content_base64sha256": "8KBj9kZEnBKmjl0gYegZRl6VbThiQWLultLMqbRFK9U=",
            "content_base64sha512": "K2RKQFZPDX5C2AkZWcLYiIQDhwkVN1PiBcGN3XxPaZNak/wYz2Lj+klx2hvvRpJR2LcqkefsQ7AL/iBa8SFUHQ==",
            "content_md5": "f3bfa4d305fece9d6f196cf1b00d0f05",
            "content_sha1": "c706482f108524897d8e8e66c8d1df1104b508fa",
            "content_sha256": "f0a063f646449c12a68e5d2061e819465e956d38624162ee96d2cca9b4452bd5",
            "content_sha512": "2b644a40564f0d7e42d8091959c2d88884038709153753e205c18ddd7c4f69935a93fc18cf62e3fa4971da1bef469251d8b72a91e7ec43b00bfe205af121541d",
            "directory_permission": "0777",
            "file_permission": "0777",
            "filename": "/home/khaleel-unix/DevOPS/terraform/count_for_each/cows.txt",
            "id": "c706482f108524897d8e8e66c8d1df1104b508fa",
            "sensitive_content": null,
            "source": null
          },
          "sensitive_attributes": [
            [
              {
                "type": "get_attr",
                "value": "sensitive_content"
              }
            ]
          ]
        },
        {
          "index_key": 4,
          "schema_version": 0,
          "attributes": {
            "content": "Auto creation of files.",
            "content_base64": null,
            "content_base64sha256": "8KBj9kZEnBKmjl0gYegZRl6VbThiQWLultLMqbRFK9U=",
            "content_base64sha512": "K2RKQFZPDX5C2AkZWcLYiIQDhwkVN1PiBcGN3XxPaZNak/wYz2Lj+klx2hvvRpJR2LcqkefsQ7AL/iBa8SFUHQ==",
            "content_md5": "f3bfa4d305fece9d6f196cf1b00d0f05",
            "content_sha1": "c706482f108524897d8e8e66c8d1df1104b508fa",
            "content_sha256": "f0a063f646449c12a68e5d2061e819465e956d38624162ee96d2cca9b4452bd5",
            "content_sha512": "2b644a40564f0d7e42d8091959c2d88884038709153753e205c18ddd7c4f69935a93fc18cf62e3fa4971da1bef469251d8b72a91e7ec43b00bfe205af121541d",
            "directory_permission": "0777",
            "file_permission": "0777",
            "filename": "/home/khaleel-unix/DevOPS/terraform/count_for_each/ducks.txt",
            "id": "c706482f108524897d8e8e66c8d1df1104b508fa",
            "sensitive_content": null,
            "source": null
          },
          "sensitive_attributes": [
            [
              {
                "type": "get_attr",
                "value": "sensitive_content"
              }
            ]
          ]
        }
      ]
    }
  ],
  "check_results": null
}
