{
  "version": 4,
  "terraform_version": "1.8.5",
  "serial": 24,
  "lineage": "75eb6e99-fa57-6f84-2cd9-5b9c5635bd80",
  "outputs": {
    "pets": {
      "value": {
        "/home/khaleel-unix/DevOPS/terraform/count_for_each/cat.txt": {
          "content": "This is content of a file",
          "content_base64": null,
          "content_base64sha256": "nzph5v/7/Lwo/qVkvDPi6r9j2Qg7n+5oBACWIefd2r4=",
          "content_base64sha512": "9t7E6ugBOMgz/gpLXmQRwJvVAIAdkAELowmrZnL6JaT6+GwqzaBxWN9oQy1f0wM+jFeItxcJVeE72KcXCyNxhQ==",
          "content_md5": "f23c64c33fbdb0ee6e4230609b828deb",
          "content_sha1": "a3ed7796db62581a120df03e1129ae5905494d1e",
          "content_sha256": "9f3a61e6fffbfcbc28fea564bc33e2eabf63d9083b9fee6804009621e7dddabe",
          "content_sha512": "f6dec4eae80138c833fe0a4b5e6411c09bd500801d90010ba309ab6672fa25a4faf86c2acda07158df68432d5fd3033e8c5788b7170955e13bd8a7170b237185",
          "directory_permission": "0777",
          "file_permission": "0777",
          "filename": "/home/khaleel-unix/DevOPS/terraform/count_for_each/cat.txt",
          "id": "a3ed7796db62581a120df03e1129ae5905494d1e",
          "sensitive_content": null,
          "source": null
        },
        "/home/khaleel-unix/DevOPS/terraform/count_for_each/cows.txt": {
          "content": "This is content of a file",
          "content_base64": null,
          "content_base64sha256": "nzph5v/7/Lwo/qVkvDPi6r9j2Qg7n+5oBACWIefd2r4=",
          "content_base64sha512": "9t7E6ugBOMgz/gpLXmQRwJvVAIAdkAELowmrZnL6JaT6+GwqzaBxWN9oQy1f0wM+jFeItxcJVeE72KcXCyNxhQ==",
          "content_md5": "f23c64c33fbdb0ee6e4230609b828deb",
          "content_sha1": "a3ed7796db62581a120df03e1129ae5905494d1e",
          "content_sha256": "9f3a61e6fffbfcbc28fea564bc33e2eabf63d9083b9fee6804009621e7dddabe",
          "content_sha512": "f6dec4eae80138c833fe0a4b5e6411c09bd500801d90010ba309ab6672fa25a4faf86c2acda07158df68432d5fd3033e8c5788b7170955e13bd8a7170b237185",
          "directory_permission": "0777",
          "file_permission": "0777",
          "filename": "/home/khaleel-unix/DevOPS/terraform/count_for_each/cows.txt",
          "id": "a3ed7796db62581a120df03e1129ae5905494d1e",
          "sensitive_content": null,
          "source": null
        },
        "/home/khaleel-unix/DevOPS/terraform/count_for_each/dogs.txt": {
          "content": "This is content of a file",
          "content_base64": null,
          "content_base64sha256": "nzph5v/7/Lwo/qVkvDPi6r9j2Qg7n+5oBACWIefd2r4=",
          "content_base64sha512": "9t7E6ugBOMgz/gpLXmQRwJvVAIAdkAELowmrZnL6JaT6+GwqzaBxWN9oQy1f0wM+jFeItxcJVeE72KcXCyNxhQ==",
          "content_md5": "f23c64c33fbdb0ee6e4230609b828deb",
          "content_sha1": "a3ed7796db62581a120df03e1129ae5905494d1e",
          "content_sha256": "9f3a61e6fffbfcbc28fea564bc33e2eabf63d9083b9fee6804009621e7dddabe",
          "content_sha512": "f6dec4eae80138c833fe0a4b5e6411c09bd500801d90010ba309ab6672fa25a4faf86c2acda07158df68432d5fd3033e8c5788b7170955e13bd8a7170b237185",
          "directory_permission": "0777",
          "file_permission": "0777",
          "filename": "/home/khaleel-unix/DevOPS/terraform/count_for_each/dogs.txt",
          "id": "a3ed7796db62581a120df03e1129ae5905494d1e",
          "sensitive_content": null,
          "source": null
        },
        "/home/khaleel-unix/DevOPS/terraform/count_for_each/ducks.txt": {
          "content": "This is content of a file",
          "content_base64": null,
          "content_base64sha256": "nzph5v/7/Lwo/qVkvDPi6r9j2Qg7n+5oBACWIefd2r4=",
          "content_base64sha512": "9t7E6ugBOMgz/gpLXmQRwJvVAIAdkAELowmrZnL6JaT6+GwqzaBxWN9oQy1f0wM+jFeItxcJVeE72KcXCyNxhQ==",
          "content_md5": "f23c64c33fbdb0ee6e4230609b828deb",
          "content_sha1": "a3ed7796db62581a120df03e1129ae5905494d1e",
          "content_sha256": "9f3a61e6fffbfcbc28fea564bc33e2eabf63d9083b9fee6804009621e7dddabe",
          "content_sha512": "f6dec4eae80138c833fe0a4b5e6411c09bd500801d90010ba309ab6672fa25a4faf86c2acda07158df68432d5fd3033e8c5788b7170955e13bd8a7170b237185",
          "directory_permission": "0777",
          "file_permission": "0777",
          "filename": "/home/khaleel-unix/DevOPS/terraform/count_for_each/ducks.txt",
          "id": "a3ed7796db62581a120df03e1129ae5905494d1e",
          "sensitive_content": null,
          "source": null
        },
        "/home/khaleel-unix/DevOPS/terraform/count_for_each/pets.txt": {
          "content": "This is content of a file",
          "content_base64": null,
          "content_base64sha256": "nzph5v/7/Lwo/qVkvDPi6r9j2Qg7n+5oBACWIefd2r4=",
          "content_base64sha512": "9t7E6ugBOMgz/gpLXmQRwJvVAIAdkAELowmrZnL6JaT6+GwqzaBxWN9oQy1f0wM+jFeItxcJVeE72KcXCyNxhQ==",
          "content_md5": "f23c64c33fbdb0ee6e4230609b828deb",
          "content_sha1": "a3ed7796db62581a120df03e1129ae5905494d1e",
          "content_sha256": "9f3a61e6fffbfcbc28fea564bc33e2eabf63d9083b9fee6804009621e7dddabe",
          "content_sha512": "f6dec4eae80138c833fe0a4b5e6411c09bd500801d90010ba309ab6672fa25a4faf86c2acda07158df68432d5fd3033e8c5788b7170955e13bd8a7170b237185",
          "directory_permission": "0777",
          "file_permission": "0777",
          "filename": "/home/khaleel-unix/DevOPS/terraform/count_for_each/pets.txt",
          "id": "a3ed7796db62581a120df03e1129ae5905494d1e",
          "sensitive_content": null,
          "source": null
        }
      },
      "type": [
        "object",
        {
          "/home/khaleel-unix/DevOPS/terraform/count_for_each/cat.txt": [
            "object",
            {
              "content": "string",
              "content_base64": "string",
              "content_base64sha256": "string",
              "content_base64sha512": "string",
              "content_md5": "string",
              "content_sha1": "string",
              "content_sha256": "string",
              "content_sha512": "string",
              "directory_permission": "string",
              "file_permission": "string",
              "filename": "string",
              "id": "string",
              "sensitive_content": "string",
              "source": "string"
            }
          ],
          "/home/khaleel-unix/DevOPS/terraform/count_for_each/cows.txt": [
            "object",
            {
              "content": "string",
              "content_base64": "string",
              "content_base64sha256": "string",
              "content_base64sha512": "string",
              "content_md5": "string",
              "content_sha1": "string",
              "content_sha256": "string",
              "content_sha512": "string",
              "directory_permission": "string",
              "file_permission": "string",
              "filename": "string",
              "id": "string",
              "sensitive_content": "string",
              "source": "string"
            }
          ],
          "/home/khaleel-unix/DevOPS/terraform/count_for_each/dogs.txt": [
            "object",
            {
              "content": "string",
              "content_base64": "string",
              "content_base64sha256": "string",
              "content_base64sha512": "string",
              "content_md5": "string",
              "content_sha1": "string",
              "content_sha256": "string",
              "content_sha512": "string",
              "directory_permission": "string",
              "file_permission": "string",
              "filename": "string",
              "id": "string",
              "sensitive_content": "string",
              "source": "string"
            }
          ],
          "/home/khaleel-unix/DevOPS/terraform/count_for_each/ducks.txt": [
            "object",
            {
              "content": "string",
              "content_base64": "string",
              "content_base64sha256": "string",
              "content_base64sha512": "string",
              "content_md5": "string",
              "content_sha1": "string",
              "content_sha256": "string",
              "content_sha512": "string",
              "directory_permission": "string",
              "file_permission": "string",
              "filename": "string",
              "id": "string",
              "sensitive_content": "string",
              "source": "string"
            }
          ],
          "/home/khaleel-unix/DevOPS/terraform/count_for_each/pets.txt": [
            "object",
            {
              "content": "string",
              "content_base64": "string",
              "content_base64sha256": "string",
              "content_base64sha512": "string",
              "content_md5": "string",
              "content_sha1": "string",
              "content_sha256": "string",
              "content_sha512": "string",
              "directory_permission": "string",
              "file_permission": "string",
              "filename": "string",
              "id": "string",
              "sensitive_content": "string",
              "source": "string"
            }
          ]
        }
      ],
      "sensitive": true
    }
  },
  "resources": [
    {
      "mode": "managed",
      "type": "local_file",
      "name": "pet",
      "provider": "provider[\"registry.terraform.io/hashicorp/local\"]",
      "instances": [
        {
          "index_key": "/home/khaleel-unix/DevOPS/terraform/count_for_each/cat.txt",
          "schema_version": 0,
          "attributes": {
            "content": "This is content of a file",
            "content_base64": null,
            "content_base64sha256": "nzph5v/7/Lwo/qVkvDPi6r9j2Qg7n+5oBACWIefd2r4=",
            "content_base64sha512": "9t7E6ugBOMgz/gpLXmQRwJvVAIAdkAELowmrZnL6JaT6+GwqzaBxWN9oQy1f0wM+jFeItxcJVeE72KcXCyNxhQ==",
            "content_md5": "f23c64c33fbdb0ee6e4230609b828deb",
            "content_sha1": "a3ed7796db62581a120df03e1129ae5905494d1e",
            "content_sha256": "9f3a61e6fffbfcbc28fea564bc33e2eabf63d9083b9fee6804009621e7dddabe",
            "content_sha512": "f6dec4eae80138c833fe0a4b5e6411c09bd500801d90010ba309ab6672fa25a4faf86c2acda07158df68432d5fd3033e8c5788b7170955e13bd8a7170b237185",
            "directory_permission": "0777",
            "file_permission": "0777",
            "filename": "/home/khaleel-unix/DevOPS/terraform/count_for_each/cat.txt",
            "id": "a3ed7796db62581a120df03e1129ae5905494d1e",
            "sensitive_content": null,
            "source": null
          },
          "sensitive_attributes": [
            [
              {
                "type": "get_attr",
                "value": "sensitive_content"
              }
            ]
          ]
        },
        {
          "index_key": "/home/khaleel-unix/DevOPS/terraform/count_for_each/cows.txt",
          "schema_version": 0,
          "attributes": {
            "content": "This is content of a file",
            "content_base64": null,
            "content_base64sha256": "nzph5v/7/Lwo/qVkvDPi6r9j2Qg7n+5oBACWIefd2r4=",
            "content_base64sha512": "9t7E6ugBOMgz/gpLXmQRwJvVAIAdkAELowmrZnL6JaT6+GwqzaBxWN9oQy1f0wM+jFeItxcJVeE72KcXCyNxhQ==",
            "content_md5": "f23c64c33fbdb0ee6e4230609b828deb",
            "content_sha1": "a3ed7796db62581a120df03e1129ae5905494d1e",
            "content_sha256": "9f3a61e6fffbfcbc28fea564bc33e2eabf63d9083b9fee6804009621e7dddabe",
            "content_sha512": "f6dec4eae80138c833fe0a4b5e6411c09bd500801d90010ba309ab6672fa25a4faf86c2acda07158df68432d5fd3033e8c5788b7170955e13bd8a7170b237185",
            "directory_permission": "0777",
            "file_permission": "0777",
            "filename": "/home/khaleel-unix/DevOPS/terraform/count_for_each/cows.txt",
            "id": "a3ed7796db62581a120df03e1129ae5905494d1e",
            "sensitive_content": null,
            "source": null
          },
          "sensitive_attributes": [
            [
              {
                "type": "get_attr",
                "value": "sensitive_content"
              }
            ]
          ]
        },
        {
          "index_key": "/home/khaleel-unix/DevOPS/terraform/count_for_each/dogs.txt",
          "schema_version": 0,
          "attributes": {
            "content": "This is content of a file",
            "content_base64": null,
            "content_base64sha256": "nzph5v/7/Lwo/qVkvDPi6r9j2Qg7n+5oBACWIefd2r4=",
            "content_base64sha512": "9t7E6ugBOMgz/gpLXmQRwJvVAIAdkAELowmrZnL6JaT6+GwqzaBxWN9oQy1f0wM+jFeItxcJVeE72KcXCyNxhQ==",
            "content_md5": "f23c64c33fbdb0ee6e4230609b828deb",
            "content_sha1": "a3ed7796db62581a120df03e1129ae5905494d1e",
            "content_sha256": "9f3a61e6fffbfcbc28fea564bc33e2eabf63d9083b9fee6804009621e7dddabe",
            "content_sha512": "f6dec4eae80138c833fe0a4b5e6411c09bd500801d90010ba309ab6672fa25a4faf86c2acda07158df68432d5fd3033e8c5788b7170955e13bd8a7170b237185",
            "directory_permission": "0777",
            "file_permission": "0777",
            "filename": "/home/khaleel-unix/DevOPS/terraform/count_for_each/dogs.txt",
            "id": "a3ed7796db62581a120df03e1129ae5905494d1e",
            "sensitive_content": null,
            "source": null
          },
          "sensitive_attributes": [
            [
              {
                "type": "get_attr",
                "value": "sensitive_content"
              }
            ]
          ]
        },
        {
          "index_key": "/home/khaleel-unix/DevOPS/terraform/count_for_each/ducks.txt",
          "schema_version": 0,
          "attributes": {
            "content": "This is content of a file",
            "content_base64": null,
            "content_base64sha256": "nzph5v/7/Lwo/qVkvDPi6r9j2Qg7n+5oBACWIefd2r4=",
            "content_base64sha512": "9t7E6ugBOMgz/gpLXmQRwJvVAIAdkAELowmrZnL6JaT6+GwqzaBxWN9oQy1f0wM+jFeItxcJVeE72KcXCyNxhQ==",
            "content_md5": "f23c64c33fbdb0ee6e4230609b828deb",
            "content_sha1": "a3ed7796db62581a120df03e1129ae5905494d1e",
            "content_sha256": "9f3a61e6fffbfcbc28fea564bc33e2eabf63d9083b9fee6804009621e7dddabe",
            "content_sha512": "f6dec4eae80138c833fe0a4b5e6411c09bd500801d90010ba309ab6672fa25a4faf86c2acda07158df68432d5fd3033e8c5788b7170955e13bd8a7170b237185",
            "directory_permission": "0777",
            "file_permission": "0777",
            "filename": "/home/khaleel-unix/DevOPS/terraform/count_for_each/ducks.txt",
            "id": "a3ed7796db62581a120df03e1129ae5905494d1e",
            "sensitive_content": null,
            "source": null
          },
          "sensitive_attributes": [
            [
              {
                "type": "get_attr",
                "value": "sensitive_content"
              }
            ]
          ]
        },
        {
          "index_key": "/home/khaleel-unix/DevOPS/terraform/count_for_each/pets.txt",
          "schema_version": 0,
          "attributes": {
            "content": "This is content of a file",
            "content_base64": null,
            "content_base64sha256": "nzph5v/7/Lwo/qVkvDPi6r9j2Qg7n+5oBACWIefd2r4=",
            "content_base64sha512": "9t7E6ugBOMgz/gpLXmQRwJvVAIAdkAELowmrZnL6JaT6+GwqzaBxWN9oQy1f0wM+jFeItxcJVeE72KcXCyNxhQ==",
            "content_md5": "f23c64c33fbdb0ee6e4230609b828deb",
            "content_sha1": "a3ed7796db62581a120df03e1129ae5905494d1e",
            "content_sha256": "9f3a61e6fffbfcbc28fea564bc33e2eabf63d9083b9fee6804009621e7dddabe",
            "content_sha512": "f6dec4eae80138c833fe0a4b5e6411c09bd500801d90010ba309ab6672fa25a4faf86c2acda07158df68432d5fd3033e8c5788b7170955e13bd8a7170b237185",
            "directory_permission": "0777",
            "file_permission": "0777",
            "filename": "/home/khaleel-unix/DevOPS/terraform/count_for_each/pets.txt",
            "id": "a3ed7796db62581a120df03e1129ae5905494d1e",
            "sensitive_content": null,
            "source": null
          },
          "sensitive_attributes": [
            [
              {
                "type": "get_attr",
                "value": "sensitive_content"
              }
            ]
          ]
        }
      ]
    }
  ],
  "check_results": null
}
