{
  "version": 4,
  "terraform_version": "1.9.0",
  "serial": 1,
  "lineage": "26db778a-e704-d023-2c0d-4e15dbb90aa7",
  "outputs": {
    "aws_ami_id": {
      "value": "ami-0111190769c4329ae",
      "type": "string"
    }
  },
  "resources": [
    {
      "mode": "data",
      "type": "aws_ami",
      "name": "ami",
      "provider": "provider[\"registry.terraform.io/hashicorp/aws\"]",
      "instances": [
        {
          "schema_version": 0,
          "attributes": {
            "architecture": "x86_64",
            "arn": "arn:aws:ec2:us-east-1::image/ami-0111190769c4329ae",
            "block_device_mappings": [
              {
                "device_name": "/dev/sda1",
                "ebs": {
                  "delete_on_termination": "true",
                  "encrypted": "false",
                  "iops": "0",
                  "snapshot_id": "snap-04c439622695b362a",
                  "throughput": "0",
                  "volume_size": "8",
                  "volume_type": "gp2"
                },
                "no_device": "",
                "virtual_name": ""
              },
              {
                "device_name": "/dev/sdb",
                "ebs": {},
                "no_device": "",
                "virtual_name": "ephemeral0"
              },
              {
                "device_name": "/dev/sdc",
                "ebs": {},
                "no_device": "",
                "virtual_name": "ephemeral1"
              }
            ],
            "boot_mode": "uefi-preferred",
            "creation_date": "2024-06-29T02:57:38.000Z",
            "deprecation_time": "2026-06-29T02:57:38.000Z",
            "description": "Canonical, Ubuntu, 22.04 LTS, amd64 jammy image build on 2024-06-29",
            "ena_support": true,
            "executable_users": null,
            "filter": [
              {
                "name": "name",
                "values": [
                  "ubuntu/images/hvm-ssd/ubuntu-jammy-22.04-amd64-server-*"
                ]
              },
              {
                "name": "root-device-type",
                "values": [
                  "ebs"
                ]
              },
              {
                "name": "virtualization-type",
                "values": [
                  "hvm"
                ]
              }
            ],
            "hypervisor": "xen",
            "id": "ami-0111190769c4329ae",
            "image_id": "ami-0111190769c4329ae",
            "image_location": "amazon/ubuntu/images/hvm-ssd/ubuntu-jammy-22.04-amd64-server-20240629",
            "image_owner_alias": "amazon",
            "image_type": "machine",
            "imds_support": "",
            "include_deprecated": false,
            "kernel_id": "",
            "most_recent": true,
            "name": "ubuntu/images/hvm-ssd/ubuntu-jammy-22.04-amd64-server-20240629",
            "name_regex": null,
            "owner_id": "099720109477",
            "owners": [
              "099720109477"
            ],
            "platform": "",
            "platform_details": "Linux/UNIX",
            "product_codes": [],
            "public": true,
            "ramdisk_id": "",
            "root_device_name": "/dev/sda1",
            "root_device_type": "ebs",
            "root_snapshot_id": "snap-04c439622695b362a",
            "sriov_net_support": "simple",
            "state": "available",
            "state_reason": {
              "code": "UNSET",
              "message": "UNSET"
            },
            "tags": {},
            "timeouts": null,
            "tpm_support": "",
            "usage_operation": "RunInstances",
            "virtualization_type": "hvm"
          },
          "sensitive_attributes": []
        }
      ]
    },
    {
      "mode": "managed",
      "type": "aws_key_pair",
      "name": "terraform_key",
      "provider": "provider[\"registry.terraform.io/hashicorp/aws\"]",
      "instances": [
        {
          "schema_version": 1,
          "attributes": {
            "arn": "arn:aws:ec2:us-east-1:851725360275:key-pair/mykeytf",
            "fingerprint": "b3:e8:e1:8a:a2:99:54:0a:1d:fe:37:6a:f1:ad:65:3f",
            "id": "mykeytf",
            "key_name": "mykeytf",
            "key_name_prefix": "",
            "key_pair_id": "key-056f2a4911864356b",
            "key_type": "rsa",
            "public_key": "ssh-rsa AAAAB3NzaC1yc2EAAAADAQABAAABgQC2lC9zBnW4i6n3/hCx7Rq/py5L2HwncY4PLMmAHmmvQQpinbx1CRxMXUWkg6YvKwMqqfDQio5zDOp2LTuzxKNoWwy+ddVyfIEfdWGGOYG6ElBG6dmdFqvpB64QPMmfZSXhCh8RuG/haDlNyb7E92E5K8s3F4gNFu8Wm1xyCSf1d2lqIFwGvbac5XD9NmwVYUG/iXefqkUURnrtMesaB8+O6yRC37FmXUy642GfzV4LRs1o80CcZBQ0EnhMwpkcttZOFPeRaqEi/fpL6IBbd2M8NB8xiPVUEWB1Navg6LrIKC8IYtCcQUmCG4i2cFZdwlE7PuAFCG+0uj8/TiafGFaYTS/gb44/dkzPpPSIXQH6L5J+1eD8aUIbRNJqkvy0MwAdo5YLwjso+AbmnTsrAk8K9t75RWIRFE3PyxSwNewaQiMd7Eu3urs+K5deVWD3XqhsVaztwAr6YfgwVOUmXMyISImt5qvU2TcyF/UZnph7iYv1LgAyIfdiuV+OXC/stIs= khaleel@Khaleel",
            "tags": null,
            "tags_all": {}
          },
          "sensitive_attributes": [],
          "private": "eyJzY2hlbWFfdmVyc2lvbiI6IjEifQ=="
        }
      ]
    },
    {
      "mode": "managed",
      "type": "aws_security_group",
      "name": "terraformsecuritygroup",
      "provider": "provider[\"registry.terraform.io/hashicorp/aws\"]",
      "instances": []
    }
  ],
  "check_results": null
}
