{
  "version": 4,
  "terraform_version": "1.9.0",
  "serial": 37,
  "lineage": "84000119-3390-c9be-501e-ebd4c86a9e05",
  "outputs": {
    "repo1-html_url": {
      "value": "https://github.com/khaleel-git/git1",
      "type": "string"
    }
  },
  "resources": [
    {
      "mode": "managed",
      "type": "github_repository",
      "name": "repo1",
      "provider": "provider[\"registry.terraform.io/integrations/github\"]",
      "instances": [
        {
          "schema_version": 1,
          "attributes": {
            "allow_auto_merge": false,
            "allow_merge_commit": true,
            "allow_rebase_merge": true,
            "allow_squash_merge": true,
            "allow_update_branch": false,
            "archive_on_destroy": null,
            "archived": false,
            "auto_init": true,
            "default_branch": "master",
            "delete_branch_on_merge": false,
            "description": "",
            "etag": "W/\"6f23d90d395e190101d51b0db2055a6c175f895f7c32dbb9eff39a7edf7f29cd\"",
            "full_name": "khaleel-git/git1",
            "git_clone_url": "git://github.com/khaleel-git/git1.git",
            "gitignore_template": null,
            "has_discussions": false,
            "has_downloads": false,
            "has_issues": false,
            "has_projects": false,
            "has_wiki": false,
            "homepage_url": "",
            "html_url": "https://github.com/khaleel-git/git1",
            "http_clone_url": "https://github.com/khaleel-git/git1.git",
            "id": "git1",
            "ignore_vulnerability_alerts_during_read": null,
            "is_template": false,
            "license_template": null,
            "merge_commit_message": "PR_TITLE",
            "merge_commit_title": "MERGE_MESSAGE",
            "name": "git1",
            "node_id": "R_kgDOMO9wUA",
            "pages": [],
            "primary_language": "",
            "private": false,
            "repo_id": 820998224,
            "security_and_analysis": [
              {
                "advanced_security": [],
                "secret_scanning": [
                  {
                    "status": "enabled"
                  }
                ],
                "secret_scanning_push_protection": [
                  {
                    "status": "enabled"
                  }
                ]
              }
            ],
            "squash_merge_commit_message": "COMMIT_MESSAGES",
            "squash_merge_commit_title": "COMMIT_OR_PR_TITLE",
            "ssh_clone_url": "git@github.com:khaleel-git/git1.git",
            "svn_url": "https://github.com/khaleel-git/git1",
            "template": [],
            "topics": [],
            "visibility": "public",
            "vulnerability_alerts": false,
            "web_commit_signoff_required": false
          },
          "sensitive_attributes": [],
          "private": "eyJzY2hlbWFfdmVyc2lvbiI6IjEifQ=="
        }
      ]
    },
    {
      "mode": "managed",
      "type": "github_repository",
      "name": "repo2",
      "provider": "provider[\"registry.terraform.io/integrations/github\"]",
      "instances": [
        {
          "schema_version": 1,
          "attributes": {
            "allow_auto_merge": false,
            "allow_merge_commit": true,
            "allow_rebase_merge": true,
            "allow_squash_merge": true,
            "allow_update_branch": false,
            "archive_on_destroy": null,
            "archived": false,
            "auto_init": true,
            "default_branch": "master",
            "delete_branch_on_merge": false,
            "description": "",
            "etag": "W/\"89489597b31dc63e3ba2b376bba06f383d0ee8ca248d00966ada6670016d4120\"",
            "full_name": "khaleel-git/git2",
            "git_clone_url": "git://github.com/khaleel-git/git2.git",
            "gitignore_template": null,
            "has_discussions": false,
            "has_downloads": false,
            "has_issues": false,
            "has_projects": false,
            "has_wiki": false,
            "homepage_url": "",
            "html_url": "https://github.com/khaleel-git/git2",
            "http_clone_url": "https://github.com/khaleel-git/git2.git",
            "id": "git2",
            "ignore_vulnerability_alerts_during_read": null,
            "is_template": false,
            "license_template": null,
            "merge_commit_message": "PR_TITLE",
            "merge_commit_title": "MERGE_MESSAGE",
            "name": "git2",
            "node_id": "R_kgDOMO9wXw",
            "pages": [],
            "primary_language": "",
            "private": false,
            "repo_id": 820998239,
            "security_and_analysis": [
              {
                "advanced_security": [],
                "secret_scanning": [
                  {
                    "status": "enabled"
                  }
                ],
                "secret_scanning_push_protection": [
                  {
                    "status": "enabled"
                  }
                ]
              }
            ],
            "squash_merge_commit_message": "COMMIT_MESSAGES",
            "squash_merge_commit_title": "COMMIT_OR_PR_TITLE",
            "ssh_clone_url": "git@github.com:khaleel-git/git2.git",
            "svn_url": "https://github.com/khaleel-git/git2",
            "template": [],
            "topics": [],
            "visibility": "public",
            "vulnerability_alerts": false,
            "web_commit_signoff_required": false
          },
          "sensitive_attributes": [],
          "private": "eyJzY2hlbWFfdmVyc2lvbiI6IjEifQ=="
        }
      ]
    }
  ],
  "check_results": null
}
