{
  "version": 4,
  "terraform_version": "1.9.0",
  "serial": 31,
  "lineage": "84000119-3390-c9be-501e-ebd4c86a9e05",
  "outputs": {},
  "resources": [
    {
      "mode": "managed",
      "type": "github_repository",
      "name": "repo1",
      "provider": "provider[\"registry.terraform.io/integrations/github\"]",
      "instances": [
        {
          "schema_version": 1,
          "attributes": {
            "allow_auto_merge": false,
            "allow_merge_commit": true,
            "allow_rebase_merge": true,
            "allow_squash_merge": true,
            "allow_update_branch": false,
            "archive_on_destroy": null,
            "archived": false,
            "auto_init": true,
            "default_branch": "master",
            "delete_branch_on_merge": false,
            "description": "",
            "etag": "W/\"77d4916d297b354fa3eaf27eb7875c95b06a93572774d0b58a035e036ea633dd\"",
            "full_name": "khaleel-git/git1",
            "git_clone_url": "git://github.com/khaleel-git/git1.git",
            "gitignore_template": null,
            "has_discussions": false,
            "has_downloads": false,
            "has_issues": false,
            "has_projects": false,
            "has_wiki": false,
            "homepage_url": "",
            "html_url": "https://github.com/khaleel-git/git1",
            "http_clone_url": "https://github.com/khaleel-git/git1.git",
            "id": "git1",
            "ignore_vulnerability_alerts_during_read": null,
            "is_template": false,
            "license_template": null,
            "merge_commit_message": "PR_TITLE",
            "merge_commit_title": "MERGE_MESSAGE",
            "name": "git1",
            "node_id": "R_kgDOMO9TZw",
            "pages": [],
            "primary_language": "",
            "private": false,
            "repo_id": 820990823,
            "security_and_analysis": [
              {
                "advanced_security": [],
                "secret_scanning": [
                  {
                    "status": "enabled"
                  }
                ],
                "secret_scanning_push_protection": [
                  {
                    "status": "enabled"
                  }
                ]
              }
            ],
            "squash_merge_commit_message": "COMMIT_MESSAGES",
            "squash_merge_commit_title": "COMMIT_OR_PR_TITLE",
            "ssh_clone_url": "git@github.com:khaleel-git/git1.git",
            "svn_url": "https://github.com/khaleel-git/git1",
            "template": [],
            "topics": [],
            "visibility": "public",
            "vulnerability_alerts": false,
            "web_commit_signoff_required": false
          },
          "sensitive_attributes": [],
          "private": "eyJzY2hlbWFfdmVyc2lvbiI6IjEifQ=="
        }
      ]
    },
    {
      "mode": "managed",
      "type": "github_repository",
      "name": "repo2",
      "provider": "provider[\"registry.terraform.io/integrations/github\"]",
      "instances": [
        {
          "schema_version": 1,
          "attributes": {
            "allow_auto_merge": false,
            "allow_merge_commit": true,
            "allow_rebase_merge": true,
            "allow_squash_merge": true,
            "allow_update_branch": false,
            "archive_on_destroy": null,
            "archived": false,
            "auto_init": true,
            "default_branch": "master",
            "delete_branch_on_merge": false,
            "description": "",
            "etag": "W/\"feffa7440badc4db9ecc0cd9c56240e3aeb385b19182bd333ebbae974edc86f4\"",
            "full_name": "khaleel-git/git2",
            "git_clone_url": "git://github.com/khaleel-git/git2.git",
            "gitignore_template": null,
            "has_discussions": false,
            "has_downloads": false,
            "has_issues": false,
            "has_projects": false,
            "has_wiki": false,
            "homepage_url": "",
            "html_url": "https://github.com/khaleel-git/git2",
            "http_clone_url": "https://github.com/khaleel-git/git2.git",
            "id": "git2",
            "ignore_vulnerability_alerts_during_read": null,
            "is_template": false,
            "license_template": null,
            "merge_commit_message": "PR_TITLE",
            "merge_commit_title": "MERGE_MESSAGE",
            "name": "git2",
            "node_id": "R_kgDOMO9Png",
            "pages": [],
            "primary_language": "",
            "private": false,
            "repo_id": 820989854,
            "security_and_analysis": [
              {
                "advanced_security": [],
                "secret_scanning": [
                  {
                    "status": "enabled"
                  }
                ],
                "secret_scanning_push_protection": [
                  {
                    "status": "enabled"
                  }
                ]
              }
            ],
            "squash_merge_commit_message": "COMMIT_MESSAGES",
            "squash_merge_commit_title": "COMMIT_OR_PR_TITLE",
            "ssh_clone_url": "git@github.com:khaleel-git/git2.git",
            "svn_url": "https://github.com/khaleel-git/git2",
            "template": [],
            "topics": [],
            "visibility": "public",
            "vulnerability_alerts": false,
            "web_commit_signoff_required": false
          },
          "sensitive_attributes": [],
          "private": "eyJzY2hlbWFfdmVyc2lvbiI6IjEifQ=="
        }
      ]
    }
  ],
  "check_results": null
}
