{
  "version": 4,
  "terraform_version": "1.9.0",
  "serial": 2,
  "lineage": "caab9799-c57e-75cb-8455-deeb954cf080",
  "outputs": {
    "pathmodule": {
      "value": "Path module/current path: .",
      "type": "string"
    }
  },
  "resources": [
    {
      "mode": "managed",
      "type": "aws_key_pair",
      "name": "terraform_key",
      "provider": "provider[\"registry.terraform.io/hashicorp/aws\"]",
      "instances": [
        {
          "schema_version": 1,
          "attributes": {
            "arn": "arn:aws:ec2:us-east-1:533267117233:key-pair/mykeytf",
            "fingerprint": "b3:e8:e1:8a:a2:99:54:0a:1d:fe:37:6a:f1:ad:65:3f",
            "id": "mykeytf",
            "key_name": "mykeytf",
            "key_name_prefix": "",
            "key_pair_id": "key-08a6bebb6320adaa9",
            "key_type": "rsa",
            "public_key": "ssh-rsa AAAAB3NzaC1yc2EAAAADAQABAAABgQC2lC9zBnW4i6n3/hCx7Rq/py5L2HwncY4PLMmAHmmvQQpinbx1CRxMXUWkg6YvKwMqqfDQio5zDOp2LTuzxKNoWwy+ddVyfIEfdWGGOYG6ElBG6dmdFqvpB64QPMmfZSXhCh8RuG/haDlNyb7E92E5K8s3F4gNFu8Wm1xyCSf1d2lqIFwGvbac5XD9NmwVYUG/iXefqkUURnrtMesaB8+O6yRC37FmXUy642GfzV4LRs1o80CcZBQ0EnhMwpkcttZOFPeRaqEi/fpL6IBbd2M8NB8xiPVUEWB1Navg6LrIKC8IYtCcQUmCG4i2cFZdwlE7PuAFCG+0uj8/TiafGFaYTS/gb44/dkzPpPSIXQH6L5J+1eD8aUIbRNJqkvy0MwAdo5YLwjso+AbmnTsrAk8K9t75RWIRFE3PyxSwNewaQiMd7Eu3urs+K5deVWD3XqhsVaztwAr6YfgwVOUmXMyISImt5qvU2TcyF/UZnph7iYv1LgAyIfdiuV+OXC/stIs= khaleel@Khaleel",
            "tags": null,
            "tags_all": {}
          },
          "sensitive_attributes": [],
          "private": "eyJzY2hlbWFfdmVyc2lvbiI6IjEifQ=="
        }
      ]
    },
    {
      "mode": "managed",
      "type": "aws_security_group",
      "name": "terraformsecuritygroup",
      "provider": "provider[\"registry.terraform.io/hashicorp/aws\"]",
      "instances": [
        {
          "schema_version": 1,
          "attributes": {
            "arn": "arn:aws:ec2:us-east-1:533267117233:security-group/sg-0aca1ba860c0e6790",
            "description": "Allow TLS inbound traffic",
            "egress": [
              {
                "cidr_blocks": [
                  "0.0.0.0/0"
                ],
                "description": "",
                "from_port": 0,
                "ipv6_cidr_blocks": [
                  "::/0"
                ],
                "prefix_list_ids": [],
                "protocol": "-1",
                "security_groups": [],
                "self": false,
                "to_port": 0
              }
            ],
            "id": "sg-0aca1ba860c0e6790",
            "ingress": [
              {
                "cidr_blocks": [
                  "0.0.0.0/0"
                ],
                "description": "Dynamically generated security group",
                "from_port": 22,
                "ipv6_cidr_blocks": [],
                "prefix_list_ids": [],
                "protocol": "tcp",
                "security_groups": [],
                "self": false,
                "to_port": 22
              },
              {
                "cidr_blocks": [
                  "0.0.0.0/0"
                ],
                "description": "Dynamically generated security group",
                "from_port": 27017,
                "ipv6_cidr_blocks": [],
                "prefix_list_ids": [],
                "protocol": "tcp",
                "security_groups": [],
                "self": false,
                "to_port": 27017
              },
              {
                "cidr_blocks": [
                  "0.0.0.0/0"
                ],
                "description": "Dynamically generated security group",
                "from_port": 3306,
                "ipv6_cidr_blocks": [],
                "prefix_list_ids": [],
                "protocol": "tcp",
                "security_groups": [],
                "self": false,
                "to_port": 3306
              },
              {
                "cidr_blocks": [
                  "0.0.0.0/0"
                ],
                "description": "Dynamically generated security group",
                "from_port": 443,
                "ipv6_cidr_blocks": [],
                "prefix_list_ids": [],
                "protocol": "tcp",
                "security_groups": [],
                "self": false,
                "to_port": 443
              },
              {
                "cidr_blocks": [
                  "0.0.0.0/0"
                ],
                "description": "Dynamically generated security group",
                "from_port": 8080,
                "ipv6_cidr_blocks": [],
                "prefix_list_ids": [],
                "protocol": "tcp",
                "security_groups": [],
                "self": false,
                "to_port": 8080
              },
              {
                "cidr_blocks": [
                  "0.0.0.0/0"
                ],
                "description": "Dynamically generated security group",
                "from_port": 80,
                "ipv6_cidr_blocks": [],
                "prefix_list_ids": [],
                "protocol": "tcp",
                "security_groups": [],
                "self": false,
                "to_port": 80
              }
            ],
            "name": "mysecuritygrouptf",
            "name_prefix": "",
            "owner_id": "533267117233",
            "revoke_rules_on_delete": false,
            "tags": null,
            "tags_all": {},
            "timeouts": null,
            "vpc_id": "vpc-03c7fa3fffd29d604"
          },
          "sensitive_attributes": [],
          "private": "eyJlMmJmYjczMC1lY2FhLTExZTYtOGY4OC0zNDM2M2JjN2M0YzAiOnsiY3JlYXRlIjo2MDAwMDAwMDAwMDAsImRlbGV0ZSI6OTAwMDAwMDAwMDAwfSwic2NoZW1hX3ZlcnNpb24iOiIxIn0="
        }
      ]
    }
  ],
  "check_results": null
}
