{
  "version": 4,
  "terraform_version": "1.9.0",
  "serial": 9,
  "lineage": "718c3821-02ba-6925-9f49-737fc0ec74ac",
  "outputs": {
    "keypair": {
      "value": "terraform_key",
      "type": "string"
    }
  },
  "resources": [
    {
      "mode": "managed",
      "type": "aws_key_pair",
      "name": "terraform_key",
      "provider": "provider[\"registry.terraform.io/hashicorp/aws\"]",
      "instances": [
        {
          "schema_version": 1,
          "attributes": {
            "arn": "arn:aws:ec2:us-east-1:654654270687:key-pair/terraform_key",
            "fingerprint": "b3:e8:e1:8a:a2:99:54:0a:1d:fe:37:6a:f1:ad:65:3f",
            "id": "terraform_key",
            "key_name": "terraform_key",
            "key_name_prefix": "",
            "key_pair_id": "key-0882ab358f9dcacd0",
            "key_type": "rsa",
            "public_key": "ssh-rsa AAAAB3NzaC1yc2EAAAADAQABAAABgQC2lC9zBnW4i6n3/hCx7Rq/py5L2HwncY4PLMmAHmmvQQpinbx1CRxMXUWkg6YvKwMqqfDQio5zDOp2LTuzxKNoWwy+ddVyfIEfdWGGOYG6ElBG6dmdFqvpB64QPMmfZSXhCh8RuG/haDlNyb7E92E5K8s3F4gNFu8Wm1xyCSf1d2lqIFwGvbac5XD9NmwVYUG/iXefqkUURnrtMesaB8+O6yRC37FmXUy642GfzV4LRs1o80CcZBQ0EnhMwpkcttZOFPeRaqEi/fpL6IBbd2M8NB8xiPVUEWB1Navg6LrIKC8IYtCcQUmCG4i2cFZdwlE7PuAFCG+0uj8/TiafGFaYTS/gb44/dkzPpPSIXQH6L5J+1eD8aUIbRNJqkvy0MwAdo5YLwjso+AbmnTsrAk8K9t75RWIRFE3PyxSwNewaQiMd7Eu3urs+K5deVWD3XqhsVaztwAr6YfgwVOUmXMyISImt5qvU2TcyF/UZnph7iYv1LgAyIfdiuV+OXC/stIs= khaleel@Khaleel",
            "tags": null,
            "tags_all": {}
          },
          "sensitive_attributes": [],
          "private": "eyJzY2hlbWFfdmVyc2lvbiI6IjEifQ=="
        }
      ]
    }
  ],
  "check_results": null
}
