{
  "version": 4,
  "terraform_version": "1.9.0",
  "serial": 32,
  "lineage": "16a83cc8-f6b2-f48d-34b9-27becbe0812e",
  "outputs": {
    "external_ip": {
      "value": "34.55.61.203",
      "type": "string"
    },
    "password": {
      "value": "Run 'gcloud compute reset-windows-password' manually for security reasons",
      "type": "string"
    },
    "username": {
      "value": "you know your username",
      "type": "string"
    }
  },
  "resources": [
    {
      "mode": "managed",
      "type": "google_compute_address",
      "name": "windows-vm-ip",
      "provider": "provider[\"registry.terraform.io/hashicorp/google\"]",
      "instances": [
        {
          "schema_version": 0,
          "attributes": {
            "address": "34.55.61.203",
            "address_type": "EXTERNAL",
            "creation_timestamp": "2025-01-01T09:45:48.523-08:00",
            "description": "",
            "effective_labels": {
              "goog-terraform-provisioned": "true"
            },
            "id": "projects/clgcporg8-060/regions/us-central1/addresses/windows-vm-ip",
            "ip_version": "",
            "ipv6_endpoint_type": "",
            "label_fingerprint": "vezUS-42LLM=",
            "labels": {},
            "name": "windows-vm-ip",
            "network": "",
            "network_tier": "PREMIUM",
            "prefix_length": 0,
            "project": "clgcporg8-060",
            "purpose": "",
            "region": "us-central1",
            "self_link": "https://www.googleapis.com/compute/v1/projects/clgcporg8-060/regions/us-central1/addresses/windows-vm-ip",
            "subnetwork": "",
            "terraform_labels": {
              "goog-terraform-provisioned": "true"
            },
            "timeouts": null,
            "users": [
              "https://www.googleapis.com/compute/v1/projects/clgcporg8-060/zones/us-central1-a/instances/windows-server-2019-vm"
            ]
          },
          "sensitive_attributes": [],
          "private": "eyJlMmJmYjczMC1lY2FhLTExZTYtOGY4OC0zNDM2M2JjN2M0YzAiOnsiY3JlYXRlIjoxMjAwMDAwMDAwMDAwLCJkZWxldGUiOjEyMDAwMDAwMDAwMDAsInVwZGF0ZSI6MTIwMDAwMDAwMDAwMH19"
        }
      ]
    },
    {
      "mode": "managed",
      "type": "google_compute_firewall",
      "name": "allow-traffic",
      "provider": "provider[\"registry.terraform.io/hashicorp/google\"]",
      "instances": [
        {
          "schema_version": 1,
          "attributes": {
            "allow": [
              {
                "ports": [
                  "80",
                  "443",
                  "3389"
                ],
                "protocol": "tcp"
              }
            ],
            "creation_timestamp": "2025-01-01T09:45:48.531-08:00",
            "deny": [],
            "description": "",
            "destination_ranges": [],
            "direction": "INGRESS",
            "disabled": false,
            "enable_logging": null,
            "id": "projects/clgcporg8-060/global/firewalls/allow-traffic",
            "log_config": [],
            "name": "allow-traffic",
            "network": "https://www.googleapis.com/compute/v1/projects/clgcporg8-060/global/networks/windows-vm-network",
            "priority": 1000,
            "project": "clgcporg8-060",
            "self_link": "https://www.googleapis.com/compute/v1/projects/clgcporg8-060/global/firewalls/allow-traffic",
            "source_ranges": [
              "0.0.0.0/0"
            ],
            "source_service_accounts": [],
            "source_tags": [],
            "target_service_accounts": [],
            "target_tags": [],
            "timeouts": null
          },
          "sensitive_attributes": [],
          "private": "eyJlMmJmYjczMC1lY2FhLTExZTYtOGY4OC0zNDM2M2JjN2M0YzAiOnsiY3JlYXRlIjoxMjAwMDAwMDAwMDAwLCJkZWxldGUiOjEyMDAwMDAwMDAwMDAsInVwZGF0ZSI6MTIwMDAwMDAwMDAwMH0sInNjaGVtYV92ZXJzaW9uIjoiMSJ9",
          "dependencies": [
            "google_compute_network.default"
          ]
        }
      ]
    },
    {
      "mode": "managed",
      "type": "google_compute_instance",
      "name": "windows-vm",
      "provider": "provider[\"registry.terraform.io/hashicorp/google\"]",
      "instances": [
        {
          "schema_version": 6,
          "attributes": {
            "advanced_machine_features": [],
            "allow_stopping_for_update": true,
            "attached_disk": [],
            "boot_disk": [
              {
                "auto_delete": true,
                "device_name": "persistent-disk-0",
                "disk_encryption_key_raw": "",
                "disk_encryption_key_sha256": "",
                "initialize_params": [
                  {
                    "enable_confidential_compute": false,
                    "image": "https://www.googleapis.com/compute/v1/projects/windows-cloud/global/images/windows-server-2019-dc-v20241212",
                    "labels": {},
                    "provisioned_iops": 0,
                    "provisioned_throughput": 0,
                    "resource_manager_tags": {},
                    "resource_policies": [],
                    "size": 50,
                    "storage_pool": "",
                    "type": "pd-standard"
                  }
                ],
                "interface": "",
                "kms_key_self_link": "",
                "mode": "READ_WRITE",
                "source": "https://www.googleapis.com/compute/v1/projects/clgcporg8-060/zones/us-central1-a/disks/windows-server-2019-vm"
              }
            ],
            "can_ip_forward": false,
            "confidential_instance_config": [],
            "cpu_platform": "Intel Broadwell",
            "creation_timestamp": "2025-01-01T09:50:47.846-08:00",
            "current_status": "RUNNING",
            "deletion_protection": false,
            "description": "",
            "desired_status": null,
            "effective_labels": {
              "goog-terraform-provisioned": "true"
            },
            "enable_display": false,
            "guest_accelerator": [],
            "hostname": "",
            "id": "projects/clgcporg8-060/zones/us-central1-a/instances/windows-server-2019-vm",
            "instance_id": "2475890010349911704",
            "key_revocation_action_type": "",
            "label_fingerprint": "vezUS-42LLM=",
            "labels": {},
            "machine_type": "e2-highmem-2",
            "metadata": {
              "enable-oslogin": "false"
            },
            "metadata_fingerprint": "v1r11enyWtA=",
            "metadata_startup_script": null,
            "min_cpu_platform": "",
            "name": "windows-server-2019-vm",
            "network_interface": [
              {
                "access_config": [
                  {
                    "nat_ip": "34.55.61.203",
                    "network_tier": "PREMIUM",
                    "public_ptr_domain_name": ""
                  }
                ],
                "alias_ip_range": [],
                "internal_ipv6_prefix_length": 0,
                "ipv6_access_config": [],
                "ipv6_access_type": "",
                "ipv6_address": "",
                "name": "nic0",
                "network": "https://www.googleapis.com/compute/v1/projects/clgcporg8-060/global/networks/default",
                "network_ip": "10.128.0.15",
                "nic_type": "",
                "queue_count": 0,
                "stack_type": "IPV4_ONLY",
                "subnetwork": "https://www.googleapis.com/compute/v1/projects/clgcporg8-060/regions/us-central1/subnetworks/default",
                "subnetwork_project": "clgcporg8-060"
              }
            ],
            "network_performance_config": [],
            "params": [],
            "project": "clgcporg8-060",
            "reservation_affinity": [],
            "resource_policies": [],
            "scheduling": [
              {
                "automatic_restart": true,
                "instance_termination_action": "",
                "local_ssd_recovery_timeout": [],
                "max_run_duration": [],
                "min_node_cpus": 0,
                "node_affinities": [],
                "on_host_maintenance": "MIGRATE",
                "on_instance_stop_action": [],
                "preemptible": false,
                "provisioning_model": "STANDARD"
              }
            ],
            "scratch_disk": [],
            "self_link": "https://www.googleapis.com/compute/v1/projects/clgcporg8-060/zones/us-central1-a/instances/windows-server-2019-vm",
            "service_account": [
              {
                "email": "330381055007-compute@developer.gserviceaccount.com",
                "scopes": [
                  "https://www.googleapis.com/auth/cloud-platform"
                ]
              }
            ],
            "shielded_instance_config": [
              {
                "enable_integrity_monitoring": true,
                "enable_secure_boot": false,
                "enable_vtpm": true
              }
            ],
            "tags": [
              "http-server",
              "https-server",
              "rdp-server"
            ],
            "tags_fingerprint": "3d9Ek8B7CcI=",
            "terraform_labels": {
              "goog-terraform-provisioned": "true"
            },
            "timeouts": null,
            "zone": "us-central1-a"
          },
          "sensitive_attributes": [
            [
              {
                "type": "get_attr",
                "value": "boot_disk"
              },
              {
                "type": "index",
                "value": {
                  "value": 0,
                  "type": "number"
                }
              },
              {
                "type": "get_attr",
                "value": "disk_encryption_key_raw"
              }
            ]
          ],
          "private": "eyJlMmJmYjczMC1lY2FhLTExZTYtOGY4OC0zNDM2M2JjN2M0YzAiOnsiY3JlYXRlIjoxMjAwMDAwMDAwMDAwLCJkZWxldGUiOjEyMDAwMDAwMDAwMDAsInVwZGF0ZSI6MTIwMDAwMDAwMDAwMH0sInNjaGVtYV92ZXJzaW9uIjoiNiJ9"
        }
      ]
    },
    {
      "mode": "managed",
      "type": "google_compute_network",
      "name": "default",
      "provider": "provider[\"registry.terraform.io/hashicorp/google\"]",
      "instances": [
        {
          "schema_version": 0,
          "attributes": {
            "auto_create_subnetworks": true,
            "delete_default_routes_on_create": false,
            "description": "",
            "enable_ula_internal_ipv6": false,
            "gateway_ipv4": "",
            "id": "projects/clgcporg8-060/global/networks/windows-vm-network",
            "internal_ipv6_range": "",
            "mtu": 0,
            "name": "windows-vm-network",
            "network_firewall_policy_enforcement_order": "AFTER_CLASSIC_FIREWALL",
            "numeric_id": "9016425831158302550",
            "project": "clgcporg8-060",
            "routing_mode": "REGIONAL",
            "self_link": "https://www.googleapis.com/compute/v1/projects/clgcporg8-060/global/networks/windows-vm-network",
            "timeouts": null
          },
          "sensitive_attributes": [],
          "private": "eyJlMmJmYjczMC1lY2FhLTExZTYtOGY4OC0zNDM2M2JjN2M0YzAiOnsiY3JlYXRlIjoxMjAwMDAwMDAwMDAwLCJkZWxldGUiOjEyMDAwMDAwMDAwMDAsInVwZGF0ZSI6MTIwMDAwMDAwMDAwMH19"
        }
      ]
    },
    {
      "mode": "managed",
      "type": "local_file",
      "name": "rdp_file",
      "provider": "provider[\"registry.terraform.io/hashicorp/local\"]",
      "instances": [
        {
          "schema_version": 0,
          "attributes": {
            "content": "    full address:s:34.55.61.203\n    username:s:odl_user_1556096  # Use the variable for the username\n",
            "content_base64": null,
            "content_base64sha256": "vqRa1ltw20/AXBEC7L2vjetFQo2PzduyZVoxFGHabhw=",
            "content_base64sha512": "PSzIdANSYW1GtPUXT7DcanycPiXas5boPT2r7EJcZpEFXts1JMXL6YH0JYRsesmyqqn6ivh45GuOAUUkdHhL0A==",
            "content_md5": "00f61fc0593441df185c80b4796bc8fd",
            "content_sha1": "e26df898ad96b910882c919689ab16a60ba70bb5",
            "content_sha256": "bea45ad65b70db4fc05c1102ecbdaf8deb45428d8fcddbb2655a311461da6e1c",
            "content_sha512": "3d2cc8740352616d46b4f5174fb0dc6a7c9c3e25dab396e83d3dabec425c6691055edb3524c5cbe981f425846c7ac9b2aaa9fa8af878e46b8e01452474784bd0",
            "directory_permission": "0777",
            "file_permission": "0777",
            "filename": "./windows-server-2019-vm.rdp",
            "id": "e26df898ad96b910882c919689ab16a60ba70bb5",
            "sensitive_content": null,
            "source": null
          },
          "sensitive_attributes": [
            [
              {
                "type": "get_attr",
                "value": "sensitive_content"
              }
            ]
          ],
          "dependencies": [
            "google_compute_address.windows-vm-ip"
          ]
        }
      ]
    },
    {
      "mode": "managed",
      "type": "null_resource",
      "name": "windows_password",
      "provider": "provider[\"registry.terraform.io/hashicorp/null\"]",
      "instances": [
        {
          "status": "tainted",
          "schema_version": 0,
          "attributes": {
            "id": "22058802427818307",
            "triggers": null
          },
          "sensitive_attributes": [],
          "dependencies": [
            "google_compute_instance.windows-vm"
          ]
        }
      ]
    }
  ],
  "check_results": null
}
